# generated by rye
# use `rye lock` or `rye sync` to update this lockfile
#
# last locked with the following flags:
#   pre: false
#   features: []
#   all-features: false
#   with-sources: false

-e file:.
annotated-types==0.6.0
    # via pydantic
anyio==4.3.0
    # via groq
    # via httpx
    # via openai
beautifulsoup4==4.12.3
    # via bs4
bs4==0.0.2
    # via sine
cachetools==5.3.3
    # via zhipuai
certifi==2024.2.2
    # via httpcore
    # via httpx
    # via requests
charset-normalizer==3.3.2
    # via requests
colorama==0.4.6
    # via griffe
distro==1.9.0
    # via groq
    # via openai
exceptiongroup==1.2.0
    # via anyio
    # via pytest
griffe==0.44.0
    # via sine
groq==0.5.0
    # via sine
h11==0.14.0
    # via httpcore
httpcore==1.0.4
    # via httpx
httpx==0.27.0
    # via groq
    # via openai
    # via zhipuai
idna==3.6
    # via anyio
    # via httpx
    # via requests
iniconfig==2.0.0
    # via pytest
numpy==1.26.4
    # via sine
openai==1.14.2
    # via sine
packaging==24.0
    # via pytest
phx-class-registry==4.1.0
    # via sine
pluggy==1.4.0
    # via pytest
pydantic==2.6.4
    # via groq
    # via openai
    # via zhipuai
pydantic-core==2.16.3
    # via pydantic
pyjwt==2.8.0
    # via zhipuai
pytest==8.1.1
    # via sine
requests==2.31.0
    # via sine
sniffio==1.3.1
    # via anyio
    # via groq
    # via httpx
    # via openai
soupsieve==2.5
    # via beautifulsoup4
tomli==2.0.1
    # via pytest
tqdm==4.66.2
    # via openai
typing-extensions==4.10.0
    # via anyio
    # via groq
    # via openai
    # via pydantic
    # via pydantic-core
urllib3==2.2.1
    # via requests
zhipuai==2.0.1
    # via sine
setuptools==69.2.0
    # via sine
