# generated by rye
# use `rye lock` or `rye sync` to update this lockfile
#
# last locked with the following flags:
#   pre: false
#   features: []
#   all-features: false
#   with-sources: false

-e file:.
altair==5.3.0
    # via streamlit
annotated-types==0.6.0
    # via pydantic
anyio==4.3.0
    # via groq
    # via httpx
    # via openai
attrs==23.2.0
    # via jsonschema
    # via referencing
beautifulsoup4==4.12.3
    # via bs4
    # via favicon
blinker==1.8.1
    # via streamlit
bs4==0.0.2
    # via sine
cachetools==5.3.3
    # via streamlit
    # via zhipuai
certifi==2024.2.2
    # via httpcore
    # via httpx
    # via requests
charset-normalizer==3.3.2
    # via requests
click==8.1.7
    # via streamlit
colorama==0.4.6
    # via griffe
contourpy==1.2.1
    # via matplotlib
cycler==0.12.1
    # via matplotlib
distro==1.9.0
    # via groq
    # via openai
entrypoints==0.4
    # via streamlit-extras
exceptiongroup==1.2.0
    # via anyio
    # via pytest
faker==25.0.1
    # via streamlit-faker
favicon==0.7.0
    # via markdownlit
filelock==3.14.0
    # via huggingface-hub
    # via torch
    # via transformers
fonttools==4.51.0
    # via matplotlib
fsspec==2024.3.1
    # via huggingface-hub
    # via torch
gitdb==4.0.11
    # via gitpython
gitpython==3.1.43
    # via streamlit
griffe==0.44.0
    # via sine
groq==0.5.0
    # via sine
h11==0.14.0
    # via httpcore
htbuilder==0.6.2
    # via markdownlit
    # via st-annotated-text
    # via streamlit-extras
httpcore==1.0.4
    # via httpx
httpx==0.27.0
    # via groq
    # via openai
    # via zhipuai
huggingface-hub==0.23.0
    # via sentence-transformers
    # via tokenizers
    # via transformers
idna==3.6
    # via anyio
    # via httpx
    # via requests
    # via yarl
iniconfig==2.0.0
    # via pytest
jinja2==3.1.3
    # via altair
    # via pydeck
    # via streamlit-camera-input-live
    # via streamlit-image-coordinates
    # via streamlit-keyup
    # via torch
joblib==1.4.2
    # via scikit-learn
jsonschema==4.22.0
    # via altair
jsonschema-specifications==2023.12.1
    # via jsonschema
kiwisolver==1.4.5
    # via matplotlib
lxml==5.2.1
    # via markdownlit
markdown==3.6
    # via markdownlit
    # via pymdown-extensions
markdown-it-py==3.0.0
    # via rich
markdownlit==0.0.7
    # via streamlit-extras
markupsafe==2.1.5
    # via jinja2
matplotlib==3.8.4
    # via streamlit-faker
mdurl==0.1.2
    # via markdown-it-py
more-itertools==10.2.0
    # via htbuilder
mpmath==1.3.0
    # via sympy
multidict==6.0.5
    # via yarl
networkx==3.3
    # via torch
numpy==1.26.4
    # via altair
    # via contourpy
    # via matplotlib
    # via pandas
    # via pyarrow
    # via pydeck
    # via scikit-learn
    # via scipy
    # via sentence-transformers
    # via sine
    # via streamlit
    # via transformers
openai==1.14.2
    # via sine
packaging==24.0
    # via altair
    # via huggingface-hub
    # via matplotlib
    # via pytest
    # via streamlit
    # via transformers
pandas==2.2.2
    # via altair
    # via streamlit
    # via streamlit-shadcn-ui
phx-class-registry==4.1.0
    # via sine
pillow==10.3.0
    # via matplotlib
    # via sentence-transformers
    # via streamlit
pluggy==1.4.0
    # via pytest
prometheus-client==0.20.0
    # via streamlit-extras
protobuf==4.25.3
    # via streamlit
    # via streamlit-extras
pyarrow==16.0.0
    # via streamlit
pydantic==2.6.4
    # via groq
    # via openai
    # via zhipuai
pydantic-core==2.16.3
    # via pydantic
pydeck==0.9.0
    # via streamlit
pygments==2.18.0
    # via rich
pyjwt==2.8.0
    # via zhipuai
pymdown-extensions==10.8.1
    # via markdownlit
pyparsing==3.1.2
    # via matplotlib
pytest==8.1.1
    # via sine
python-dateutil==2.9.0.post0
    # via faker
    # via matplotlib
    # via pandas
python-dotenv==1.0.1
    # via sine
pytz==2024.1
    # via pandas
pyyaml==6.0.1
    # via huggingface-hub
    # via pymdown-extensions
    # via transformers
referencing==0.35.1
    # via jsonschema
    # via jsonschema-specifications
regex==2024.4.28
    # via transformers
requests==2.31.0
    # via favicon
    # via huggingface-hub
    # via sine
    # via streamlit
    # via transformers
rich==13.7.1
    # via streamlit
rpds-py==0.18.0
    # via jsonschema
    # via referencing
safetensors==0.4.3
    # via transformers
scikit-learn==1.4.2
    # via sentence-transformers
scipy==1.13.0
    # via scikit-learn
    # via sentence-transformers
sentence-transformers==2.7.0
    # via sine
setuptools==69.2.0
    # via sine
six==1.16.0
    # via python-dateutil
smmap==5.0.1
    # via gitdb
sniffio==1.3.1
    # via anyio
    # via groq
    # via httpx
    # via openai
soupsieve==2.5
    # via beautifulsoup4
st-annotated-text==4.0.1
    # via streamlit-extras
streamlit==1.34.0
    # via markdownlit
    # via sine
    # via streamlit-camera-input-live
    # via streamlit-card
    # via streamlit-embedcode
    # via streamlit-extras
    # via streamlit-faker
    # via streamlit-image-coordinates
    # via streamlit-keyup
    # via streamlit-shadcn-ui
    # via streamlit-toggle-switch
    # via streamlit-vertical-slider
streamlit-camera-input-live==0.2.0
    # via streamlit-extras
streamlit-card==1.0.0
    # via streamlit-extras
streamlit-embedcode==0.1.2
    # via streamlit-extras
streamlit-extras==0.4.2
    # via markdownlit
    # via streamlit-faker
    # via streamlit-shadcn-ui
streamlit-faker==0.0.3
    # via streamlit-extras
streamlit-image-coordinates==0.1.6
    # via streamlit-extras
streamlit-keyup==0.2.4
    # via streamlit-extras
streamlit-shadcn-ui==0.1.18
    # via sine
streamlit-toggle-switch==1.0.2
    # via streamlit-extras
streamlit-vertical-slider==2.5.5
    # via streamlit-extras
sympy==1.12
    # via torch
tenacity==8.2.3
    # via streamlit
threadpoolctl==3.5.0
    # via scikit-learn
tokenizers==0.19.1
    # via transformers
toml==0.10.2
    # via streamlit
tomli==2.0.1
    # via pytest
toolz==0.12.1
    # via altair
torch==2.3.0
    # via sentence-transformers
tornado==6.4
    # via streamlit
tqdm==4.66.2
    # via huggingface-hub
    # via openai
    # via sentence-transformers
    # via transformers
transformers==4.40.1
    # via sentence-transformers
typing-extensions==4.10.0
    # via altair
    # via anyio
    # via groq
    # via huggingface-hub
    # via openai
    # via pydantic
    # via pydantic-core
    # via streamlit
    # via torch
tzdata==2024.1
    # via pandas
urllib3==2.2.1
    # via requests
validators==0.28.1
    # via streamlit-extras
yarl==1.9.4
    # via sine
zhipuai==2.0.1
    # via sine
